
Microsoft Visual Studio Solution File, Format Version 12.00
# Visual Studio 2013
VisualStudioVersion = 12.0.31101.0
MinimumVisualStudioVersion = 10.0.40219.1
Project("{FAE04EC0-301F-11D3-BF4B-00C04F79EFBC}") = "LocalDriveUnificationPlugin", "LocalDriveUnificationPlugin.csproj", "{889E4796-DD78-4F3A-99EE-8CC646005EA8}"
EndProject
Project("{FAE04EC0-301F-11D3-BF4B-00C04F79EFBC}") = "IUnification", "..\..\IUnification\source\IUnification.csproj", "{317BD4C1-A893-4A6D-9EE2-5F33167499F7}"
EndProject
Project("{FAE04EC0-301F-11D3-BF4B-00C04F79EFBC}") = "DirectoryScanner", "..\..\DirectoryScannerLibrary\src\DirectoryScanner.csproj", "{2DEA66E6-0330-4CF0-BD07-E78790680655}"
EndProject
Global
	GlobalSection(SolutionConfigurationPlatforms) = preSolution
		Debug|Any CPU = Debug|Any CPU
		Release|Any CPU = Release|Any CPU
	EndGlobalSection
	GlobalSection(ProjectConfigurationPlatforms) = postSolution
		{889E4796-DD78-4F3A-99EE-8CC646005EA8}.Debug|Any CPU.ActiveCfg = Debug|Any CPU
		{889E4796-DD78-4F3A-99EE-8CC646005EA8}.Debug|Any CPU.Build.0 = Debug|Any CPU
		{889E4796-DD78-4F3A-99EE-8CC646005EA8}.Release|Any CPU.ActiveCfg = Release|Any CPU
		{889E4796-DD78-4F3A-99EE-8CC646005EA8}.Release|Any CPU.Build.0 = Release|Any CPU
		{317BD4C1-A893-4A6D-9EE2-5F33167499F7}.Debug|Any CPU.ActiveCfg = Debug|Any CPU
		{317BD4C1-A893-4A6D-9EE2-5F33167499F7}.Debug|Any CPU.Build.0 = Debug|Any CPU
		{317BD4C1-A893-4A6D-9EE2-5F33167499F7}.Release|Any CPU.ActiveCfg = Release|Any CPU
		{317BD4C1-A893-4A6D-9EE2-5F33167499F7}.Release|Any CPU.Build.0 = Release|Any CPU
		{2DEA66E6-0330-4CF0-BD07-E78790680655}.Debug|Any CPU.ActiveCfg = Debug|Any CPU
		{2DEA66E6-0330-4CF0-BD07-E78790680655}.Debug|Any CPU.Build.0 = Debug|Any CPU
		{2DEA66E6-0330-4CF0-BD07-E78790680655}.Release|Any CPU.ActiveCfg = Release|Any CPU
		{2DEA66E6-0330-4CF0-BD07-E78790680655}.Release|Any CPU.Build.0 = Release|Any CPU
	EndGlobalSection
	GlobalSection(SolutionProperties) = preSolution
		HideSolutionNode = FALSE
	EndGlobalSection
EndGlobal
